// !$*UTF8*$!
{
	archiveVersion = 1;
	classes = {
	};
	objectVersion = 56;
	objects = {

/* Begin PBXBuildFile section */
		023CE02C291409900001570B /* PagerTest.swift in Sources */ = {isa = PBXBuildFile; fileRef = 023CE02B291409900001570B /* PagerTest.swift */; };
		02B56B972913E67900A42703 /* AppDelegate.swift in Sources */ = {isa = PBXBuildFile; fileRef = 02B56B962913E67900A42703 /* AppDelegate.swift */; };
		02B56B992913E67900A42703 /* SceneDelegate.swift in Sources */ = {isa = PBXBuildFile; fileRef = 02B56B982913E67900A42703 /* SceneDelegate.swift */; };
		02B56B9B2913E67900A42703 /* ViewController.swift in Sources */ = {isa = PBXBuildFile; fileRef = 02B56B9A2913E67900A42703 /* ViewController.swift */; };
		02B56B9E2913E67900A42703 /* Main.storyboard in Resources */ = {isa = PBXBuildFile; fileRef = 02B56B9C2913E67900A42703 /* Main.storyboard */; };
		02B56BA02913E67A00A42703 /* Assets.xcassets in Resources */ = {isa = PBXBuildFile; fileRef = 02B56B9F2913E67A00A42703 /* Assets.xcassets */; };
		02B56BA32913E67A00A42703 /* LaunchScreen.storyboard in Resources */ = {isa = PBXBuildFile; fileRef = 02B56BA12913E67A00A42703 /* LaunchScreen.storyboard */; };
		02B56BAD2913E68A00A42703 /* ScrollableCollectionSections.swift in Sources */ = {isa = PBXBuildFile; fileRef = 02B56BAA2913E68900A42703 /* ScrollableCollectionSections.swift */; };
		02B56BAE2913E68A00A42703 /* HeaderView.swift in Sources */ = {isa = PBXBuildFile; fileRef = 02B56BAB2913E68900A42703 /* HeaderView.swift */; };
		02B56BAF2913E68A00A42703 /* TestTableViewCell.swift in Sources */ = {isa = PBXBuildFile; fileRef = 02B56BAC2913E68A00A42703 /* TestTableViewCell.swift */; };
		02B56BB12914047200A42703 /* ContentCollectionViewTest.swift in Sources */ = {isa = PBXBuildFile; fileRef = 02B56BB02914047200A42703 /* ContentCollectionViewTest.swift */; };
		02B56BB32914079400A42703 /* TestContentView.swift in Sources */ = {isa = PBXBuildFile; fileRef = 02B56BB22914079400A42703 /* TestContentView.swift */; };
		02BF5F74291C5E8C00C6F2B0 /* HeaderView.xib in Resources */ = {isa = PBXBuildFile; fileRef = 02BF5F73291C5E8C00C6F2B0 /* HeaderView.xib */; };
		02BF5F78291C62B100C6F2B0 /* Extensions.swift in Sources */ = {isa = PBXBuildFile; fileRef = 02BF5F77291C62B100C6F2B0 /* Extensions.swift */; };
		02D85148291407CC00714BF4 /* TestContentView.xib in Resources */ = {isa = PBXBuildFile; fileRef = 02D85147291407CC00714BF4 /* TestContentView.xib */; };
/* End PBXBuildFile section */

/* Begin PBXFileReference section */
		023CE02B291409900001570B /* PagerTest.swift */ = {isa = PBXFileReference; lastKnownFileType = sourcecode.swift; path = PagerTest.swift; sourceTree = "<group>"; };
		02B56B932913E67900A42703 /* PiriuCollectionTest.app */ = {isa = PBXFileReference; explicitFileType = wrapper.application; includeInIndex = 0; path = PiriuCollectionTest.app; sourceTree = BUILT_PRODUCTS_DIR; };
		02B56B962913E67900A42703 /* AppDelegate.swift */ = {isa = PBXFileReference; lastKnownFileType = sourcecode.swift; path = AppDelegate.swift; sourceTree = "<group>"; };
		02B56B982913E67900A42703 /* SceneDelegate.swift */ = {isa = PBXFileReference; lastKnownFileType = sourcecode.swift; path = SceneDelegate.swift; sourceTree = "<group>"; };
		02B56B9A2913E67900A42703 /* ViewController.swift */ = {isa = PBXFileReference; lastKnownFileType = sourcecode.swift; path = ViewController.swift; sourceTree = "<group>"; };
		02B56B9D2913E67900A42703 /* Base */ = {isa = PBXFileReference; lastKnownFileType = file.storyboard; name = Base; path = Base.lproj/Main.storyboard; sourceTree = "<group>"; };
		02B56B9F2913E67A00A42703 /* Assets.xcassets */ = {isa = PBXFileReference; lastKnownFileType = folder.assetcatalog; path = Assets.xcassets; sourceTree = "<group>"; };
		02B56BA22913E67A00A42703 /* Base */ = {isa = PBXFileReference; lastKnownFileType = file.storyboard; name = Base; path = Base.lproj/LaunchScreen.storyboard; sourceTree = "<group>"; };
		02B56BA42913E67A00A42703 /* Info.plist */ = {isa = PBXFileReference; lastKnownFileType = text.plist.xml; path = Info.plist; sourceTree = "<group>"; };
		02B56BAA2913E68900A42703 /* ScrollableCollectionSections.swift */ = {isa = PBXFileReference; fileEncoding = 4; lastKnownFileType = sourcecode.swift; path = ScrollableCollectionSections.swift; sourceTree = "<group>"; };
		02B56BAB2913E68900A42703 /* HeaderView.swift */ = {isa = PBXFileReference; fileEncoding = 4; lastKnownFileType = sourcecode.swift; path = HeaderView.swift; sourceTree = "<group>"; };
		02B56BAC2913E68A00A42703 /* TestTableViewCell.swift */ = {isa = PBXFileReference; fileEncoding = 4; lastKnownFileType = sourcecode.swift; path = TestTableViewCell.swift; sourceTree = "<group>"; };
		02B56BB02914047200A42703 /* ContentCollectionViewTest.swift */ = {isa = PBXFileReference; lastKnownFileType = sourcecode.swift; path = ContentCollectionViewTest.swift; sourceTree = "<group>"; };
		02B56BB22914079400A42703 /* TestContentView.swift */ = {isa = PBXFileReference; lastKnownFileType = sourcecode.swift; path = TestContentView.swift; sourceTree = "<group>"; };
		02BF5F73291C5E8C00C6F2B0 /* HeaderView.xib */ = {isa = PBXFileReference; lastKnownFileType = file.xib; path = HeaderView.xib; sourceTree = "<group>"; };
		02BF5F77291C62B100C6F2B0 /* Extensions.swift */ = {isa = PBXFileReference; lastKnownFileType = sourcecode.swift; path = Extensions.swift; sourceTree = "<group>"; };
		02D85147291407CC00714BF4 /* TestContentView.xib */ = {isa = PBXFileReference; fileEncoding = 4; lastKnownFileType = file.xib; path = TestContentView.xib; sourceTree = "<group>"; };
/* End PBXFileReference section */

/* Begin PBXFrameworksBuildPhase section */
		02B56B902913E67900A42703 /* Frameworks */ = {
			isa = PBXFrameworksBuildPhase;
			buildActionMask = 2147483647;
			files = (
			);
			runOnlyForDeploymentPostprocessing = 0;
		};
/* End PBXFrameworksBuildPhase section */

/* Begin PBXGroup section */
		02B56B8A2913E67900A42703 = {
			isa = PBXGroup;
			children = (
				02B56B952913E67900A42703 /* PiriuCollectionTest */,
				02B56B942913E67900A42703 /* Products */,
			);
			sourceTree = "<group>";
		};
		02B56B942913E67900A42703 /* Products */ = {
			isa = PBXGroup;
			children = (
				02B56B932913E67900A42703 /* PiriuCollectionTest.app */,
			);
			name = Products;
			sourceTree = "<group>";
		};
		02B56B952913E67900A42703 /* PiriuCollectionTest */ = {
			isa = PBXGroup;
			children = (
				02BF5F73291C5E8C00C6F2B0 /* HeaderView.xib */,
				02B56BAB2913E68900A42703 /* HeaderView.swift */,
				02B56BAA2913E68900A42703 /* ScrollableCollectionSections.swift */,
				02B56BAC2913E68A00A42703 /* TestTableViewCell.swift */,
				02B56B962913E67900A42703 /* AppDelegate.swift */,
				02B56B982913E67900A42703 /* SceneDelegate.swift */,
				02B56B9A2913E67900A42703 /* ViewController.swift */,
				02B56B9C2913E67900A42703 /* Main.storyboard */,
				02B56B9F2913E67A00A42703 /* Assets.xcassets */,
				02B56BA12913E67A00A42703 /* LaunchScreen.storyboard */,
				02B56BA42913E67A00A42703 /* Info.plist */,
				02B56BB02914047200A42703 /* ContentCollectionViewTest.swift */,
				02B56BB6291407A300A42703 /* TestContentView */,
				023CE02B291409900001570B /* PagerTest.swift */,
				02BF5F77291C62B100C6F2B0 /* Extensions.swift */,
			);
			path = PiriuCollectionTest;
			sourceTree = "<group>";
		};
		02B56BB6291407A300A42703 /* TestContentView */ = {
			isa = PBXGroup;
			children = (
				02D85147291407CC00714BF4 /* TestContentView.xib */,
				02B56BB22914079400A42703 /* TestContentView.swift */,
			);
			path = TestContentView;
			sourceTree = "<group>";
		};
/* End PBXGroup section */

/* Begin PBXNativeTarget section */
		02B56B922913E67900A42703 /* PiriuCollectionTest */ = {
			isa = PBXNativeTarget;
			buildConfigurationList = 02B56BA72913E67A00A42703 /* Build configuration list for PBXNativeTarget "PiriuCollectionTest" */;
			buildPhases = (
				02B56B8F2913E67900A42703 /* Sources */,
				02B56B902913E67900A42703 /* Frameworks */,
				02B56B912913E67900A42703 /* Resources */,
			);
			buildRules = (
			);
			dependencies = (
			);
			name = PiriuCollectionTest;
			productName = PiriuCollectionTest;
			productReference = 02B56B932913E67900A42703 /* PiriuCollectionTest.app */;
			productType = "com.apple.product-type.application";
		};
/* End PBXNativeTarget section */

/* Begin PBXProject section */
		02B56B8B2913E67900A42703 /* Project object */ = {
			isa = PBXProject;
			attributes = {
				BuildIndependentTargetsInParallel = 1;
				LastSwiftUpdateCheck = 1410;
				LastUpgradeCheck = 1410;
				TargetAttributes = {
					02B56B922913E67900A42703 = {
						CreatedOnToolsVersion = 14.1;
					};
				};
			};
			buildConfigurationList = 02B56B8E2913E67900A42703 /* Build configuration list for PBXProject "PiriuCollectionTest" */;
			compatibilityVersion = "Xcode 14.0";
			developmentRegion = en;
			hasScannedForEncodings = 0;
			knownRegions = (
				en,
				Base,
			);
			mainGroup = 02B56B8A2913E67900A42703;
			productRefGroup = 02B56B942913E67900A42703 /* Products */;
			projectDirPath = "";
			projectRoot = "";
			targets = (
				02B56B922913E67900A42703 /* PiriuCollectionTest */,
			);
		};
/* End PBXProject section */

/* Begin PBXResourcesBuildPhase section */
		02B56B912913E67900A42703 /* Resources */ = {
			isa = PBXResourcesBuildPhase;
			buildActionMask = 2147483647;
			files = (
				02B56BA32913E67A00A42703 /* LaunchScreen.storyboard in Resources */,
				02BF5F74291C5E8C00C6F2B0 /* HeaderView.xib in Resources */,
				02B56BA02913E67A00A42703 /* Assets.xcassets in Resources */,
				02D85148291407CC00714BF4 /* TestContentView.xib in Resources */,
				02B56B9E2913E67900A42703 /* Main.storyboard in Resources */,
			);
			runOnlyForDeploymentPostprocessing = 0;
		};
/* End PBXResourcesBuildPhase section */

/* Begin PBXSourcesBuildPhase section */
		02B56B8F2913E67900A42703 /* Sources */ = {
			isa = PBXSourcesBuildPhase;
			buildActionMask = 2147483647;
			files = (
				02B56BB12914047200A42703 /* ContentCollectionViewTest.swift in Sources */,
				023CE02C291409900001570B /* PagerTest.swift in Sources */,
				02B56BAE2913E68A00A42703 /* HeaderView.swift in Sources */,
				02B56BAD2913E68A00A42703 /* ScrollableCollectionSections.swift in Sources */,
				02B56B9B2913E67900A42703 /* ViewController.swift in Sources */,
				02BF5F78291C62B100C6F2B0 /* Extensions.swift in Sources */,
				02B56BAF2913E68A00A42703 /* TestTableViewCell.swift in Sources */,
				02B56B972913E67900A42703 /* AppDelegate.swift in Sources */,
				02B56BB32914079400A42703 /* TestContentView.swift in Sources */,
				02B56B992913E67900A42703 /* SceneDelegate.swift in Sources */,
			);
			runOnlyForDeploymentPostprocessing = 0;
		};
/* End PBXSourcesBuildPhase section */

/* Begin PBXVariantGroup section */
		02B56B9C2913E67900A42703 /* Main.storyboard */ = {
			isa = PBXVariantGroup;
			children = (
				02B56B9D2913E67900A42703 /* Base */,
			);
			name = Main.storyboard;
			sourceTree = "<group>";
		};
		02B56BA12913E67A00A42703 /* LaunchScreen.storyboard */ = {
			isa = PBXVariantGroup;
			children = (
				02B56BA22913E67A00A42703 /* Base */,
			);
			name = LaunchScreen.storyboard;
			sourceTree = "<group>";
		};
/* End PBXVariantGroup section */

/* Begin XCBuildConfiguration section */
		02B56BA52913E67A00A42703 /* Debug */ = {
			isa = XCBuildConfiguration;
			buildSettings = {
				ALWAYS_SEARCH_USER_PATHS = NO;
				CLANG_ANALYZER_NONNULL = YES;
				CLANG_ANALYZER_NUMBER_OBJECT_CONVERSION = YES_AGGRESSIVE;
				CLANG_CXX_LANGUAGE_STANDARD = "gnu++20";
				CLANG_ENABLE_MODULES = YES;
				CLANG_ENABLE_OBJC_ARC = YES;
				CLANG_ENABLE_OBJC_WEAK = YES;
				CLANG_WARN_BLOCK_CAPTURE_AUTORELEASING = YES;
				CLANG_WARN_BOOL_CONVERSION = YES;
				CLANG_WARN_COMMA = YES;
				CLANG_WARN_CONSTANT_CONVERSION = YES;
				CLANG_WARN_DEPRECATED_OBJC_IMPLEMENTATIONS = YES;
				CLANG_WARN_DIRECT_OBJC_ISA_USAGE = YES_ERROR;
				CLANG_WARN_DOCUMENTATION_COMMENTS = YES;
				CLANG_WARN_EMPTY_BODY = YES;
				CLANG_WARN_ENUM_CONVERSION = YES;
				CLANG_WARN_INFINITE_RECURSION = YES;
				CLANG_WARN_INT_CONVERSION = YES;
				CLANG_WARN_NON_LITERAL_NULL_CONVERSION = YES;
				CLANG_WARN_OBJC_IMPLICIT_RETAIN_SELF = YES;
				CLANG_WARN_OBJC_LITERAL_CONVERSION = YES;
				CLANG_WARN_OBJC_ROOT_CLASS = YES_ERROR;
				CLANG_WARN_QUOTED_INCLUDE_IN_FRAMEWORK_HEADER = YES;
				CLANG_WARN_RANGE_LOOP_ANALYSIS = YES;
				CLANG_WARN_STRICT_PROTOTYPES = YES;
				CLANG_WARN_SUSPICIOUS_MOVE = YES;
				CLANG_WARN_UNGUARDED_AVAILABILITY = YES_AGGRESSIVE;
				CLANG_WARN_UNREACHABLE_CODE = YES;
				CLANG_WARN__DUPLICATE_METHOD_MATCH = YES;
				COPY_PHASE_STRIP = NO;
				DEBUG_INFORMATION_FORMAT = dwarf;
				ENABLE_STRICT_OBJC_MSGSEND = YES;
				ENABLE_TESTABILITY = YES;
				GCC_C_LANGUAGE_STANDARD = gnu11;
				GCC_DYNAMIC_NO_PIC = NO;
				GCC_NO_COMMON_BLOCKS = YES;
				GCC_OPTIMIZATION_LEVEL = 0;
				GCC_PREPROCESSOR_DEFINITIONS = (
					"DEBUG=1",
					"$(inherited)",
				);
				GCC_WARN_64_TO_32_BIT_CONVERSION = YES;
				GCC_WARN_ABOUT_RETURN_TYPE = YES_ERROR;
				GCC_WARN_UNDECLARED_SELECTOR = YES;
				GCC_WARN_UNINITIALIZED_AUTOS = YES_AGGRESSIVE;
				GCC_WARN_UNUSED_FUNCTION = YES;
				GCC_WARN_UNUSED_VARIABLE = YES;
				IPHONEOS_DEPLOYMENT_TARGET = 16.1;
				MTL_ENABLE_DEBUG_INFO = INCLUDE_SOURCE;
				MTL_FAST_MATH = YES;
				ONLY_ACTIVE_ARCH = YES;
				SDKROOT = iphoneos;
				SWIFT_ACTIVE_COMPILATION_CONDITIONS = DEBUG;
				SWIFT_OPTIMIZATION_LEVEL = "-Onone";
			};
			name = Debug;
		};
		02B56BA62913E67A00A42703 /* Release */ = {
			isa = XCBuildConfiguration;
			buildSettings = {
				ALWAYS_SEARCH_USER_PATHS = NO;
				CLANG_ANALYZER_NONNULL = YES;
				CLANG_ANALYZER_NUMBER_OBJECT_CONVERSION = YES_AGGRESSIVE;
				CLANG_CXX_LANGUAGE_STANDARD = "gnu++20";
				CLANG_ENABLE_MODULES = YES;
				CLANG_ENABLE_OBJC_ARC = YES;
				CLANG_ENABLE_OBJC_WEAK = YES;
				CLANG_WARN_BLOCK_CAPTURE_AUTORELEASING = YES;
				CLANG_WARN_BOOL_CONVERSION = YES;
				CLANG_WARN_COMMA = YES;
				CLANG_WARN_CONSTANT_CONVERSION = YES;
				CLANG_WARN_DEPRECATED_OBJC_IMPLEMENTATIONS = YES;
				CLANG_WARN_DIRECT_OBJC_ISA_USAGE = YES_ERROR;
				CLANG_WARN_DOCUMENTATION_COMMENTS = YES;
				CLANG_WARN_EMPTY_BODY = YES;
				CLANG_WARN_ENUM_CONVERSION = YES;
				CLANG_WARN_INFINITE_RECURSION = YES;
				CLANG_WARN_INT_CONVERSION = YES;
				CLANG_WARN_NON_LITERAL_NULL_CONVERSION = YES;
				CLANG_WARN_OBJC_IMPLICIT_RETAIN_SELF = YES;
				CLANG_WARN_OBJC_LITERAL_CONVERSION = YES;
				CLANG_WARN_OBJC_ROOT_CLASS = YES_ERROR;
				CLANG_WARN_QUOTED_INCLUDE_IN_FRAMEWORK_HEADER = YES;
				CLANG_WARN_RANGE_LOOP_ANALYSIS = YES;
				CLANG_WARN_STRICT_PROTOTYPES = YES;
				CLANG_WARN_SUSPICIOUS_MOVE = YES;
				CLANG_WARN_UNGUARDED_AVAILABILITY = YES_AGGRESSIVE;
				CLANG_WARN_UNREACHABLE_CODE = YES;
				CLANG_WARN__DUPLICATE_METHOD_MATCH = YES;
				COPY_PHASE_STRIP = NO;
				DEBUG_INFORMATION_FORMAT = "dwarf-with-dsym";
				ENABLE_NS_ASSERTIONS = NO;
				ENABLE_STRICT_OBJC_MSGSEND = YES;
				GCC_C_LANGUAGE_STANDARD = gnu11;
				GCC_NO_COMMON_BLOCKS = YES;
				GCC_WARN_64_TO_32_BIT_CONVERSION = YES;
				GCC_WARN_ABOUT_RETURN_TYPE = YES_ERROR;
				GCC_WARN_UNDECLARED_SELECTOR = YES;
				GCC_WARN_UNINITIALIZED_AUTOS = YES_AGGRESSIVE;
				GCC_WARN_UNUSED_FUNCTION = YES;
				GCC_WARN_UNUSED_VARIABLE = YES;
				IPHONEOS_DEPLOYMENT_TARGET = 16.1;
				MTL_ENABLE_DEBUG_INFO = NO;
				MTL_FAST_MATH = YES;
				SDKROOT = iphoneos;
				SWIFT_COMPILATION_MODE = wholemodule;
				SWIFT_OPTIMIZATION_LEVEL = "-O";
				VALIDATE_PRODUCT = YES;
			};
			name = Release;
		};
		02B56BA82913E67A00A42703 /* Debug */ = {
			isa = XCBuildConfiguration;
			buildSettings = {
				ASSETCATALOG_COMPILER_APPICON_NAME = AppIcon;
				ASSETCATALOG_COMPILER_GLOBAL_ACCENT_COLOR_NAME = AccentColor;
				CODE_SIGN_STYLE = Automatic;
				CURRENT_PROJECT_VERSION = 1;
				DEVELOPMENT_TEAM = 3S3992MN84;
				GENERATE_INFOPLIST_FILE = YES;
				INFOPLIST_FILE = PiriuCollectionTest/Info.plist;
				INFOPLIST_KEY_UIApplicationSupportsIndirectInputEvents = YES;
				INFOPLIST_KEY_UILaunchStoryboardName = LaunchScreen;
				INFOPLIST_KEY_UIMainStoryboardFile = Main;
				INFOPLIST_KEY_UISupportedInterfaceOrientations_iPad = "UIInterfaceOrientationPortrait UIInterfaceOrientationPortraitUpsideDown UIInterfaceOrientationLandscapeLeft UIInterfaceOrientationLandscapeRight";
				INFOPLIST_KEY_UISupportedInterfaceOrientations_iPhone = "UIInterfaceOrientationPortrait UIInterfaceOrientationLandscapeLeft UIInterfaceOrientationLandscapeRight";
				IPHONEOS_DEPLOYMENT_TARGET = 16.0;
				LD_RUNPATH_SEARCH_PATHS = (
					"$(inherited)",
					"@executable_path/Frameworks",
				);
				MARKETING_VERSION = 1.0;
				PRODUCT_BUNDLE_IDENTIFIER = com.mkrisztian95.PiriuCollectionTest;
				PRODUCT_NAME = "$(TARGET_NAME)";
				SWIFT_EMIT_LOC_STRINGS = YES;
				SWIFT_VERSION = 5.0;
				TARGETED_DEVICE_FAMILY = "1,2";
			};
			name = Debug;
		};
		02B56BA92913E67A00A42703 /* Release */ = {
			isa = XCBuildConfiguration;
			buildSettings = {
				ASSETCATALOG_COMPILER_APPICON_NAME = AppIcon;
				ASSETCATALOG_COMPILER_GLOBAL_ACCENT_COLOR_NAME = AccentColor;
				CODE_SIGN_STYLE = Automatic;
				CURRENT_PROJECT_VERSION = 1;
				DEVELOPMENT_TEAM = 3S3992MN84;
				GENERATE_INFOPLIST_FILE = YES;
				INFOPLIST_FILE = PiriuCollectionTest/Info.plist;
				INFOPLIST_KEY_UIApplicationSupportsIndirectInputEvents = YES;
				INFOPLIST_KEY_UILaunchStoryboardName = LaunchScreen;
				INFOPLIST_KEY_UIMainStoryboardFile = Main;
				INFOPLIST_KEY_UISupportedInterfaceOrientations_iPad = "UIInterfaceOrientationPortrait UIInterfaceOrientationPortraitUpsideDown UIInterfaceOrientationLandscapeLeft UIInterfaceOrientationLandscapeRight";
				INFOPLIST_KEY_UISupportedInterfaceOrientations_iPhone = "UIInterfaceOrientationPortrait UIInterfaceOrientationLandscapeLeft UIInterfaceOrientationLandscapeRight";
				IPHONEOS_DEPLOYMENT_TARGET = 16.0;
				LD_RUNPATH_SEARCH_PATHS = (
					"$(inherited)",
					"@executable_path/Frameworks",
				);
				MARKETING_VERSION = 1.0;
				PRODUCT_BUNDLE_IDENTIFIER = com.mkrisztian95.PiriuCollectionTest;
				PRODUCT_NAME = "$(TARGET_NAME)";
				SWIFT_EMIT_LOC_STRINGS = YES;
				SWIFT_VERSION = 5.0;
				TARGETED_DEVICE_FAMILY = "1,2";
			};
			name = Release;
		};
/* End XCBuildConfiguration section */

/* Begin XCConfigurationList section */
		02B56B8E2913E67900A42703 /* Build configuration list for PBXProject "PiriuCollectionTest" */ = {
			isa = XCConfigurationList;
			buildConfigurations = (
				02B56BA52913E67A00A42703 /* Debug */,
				02B56BA62913E67A00A42703 /* Release */,
			);
			defaultConfigurationIsVisible = 0;
			defaultConfigurationName = Release;
		};
		02B56BA72913E67A00A42703 /* Build configuration list for PBXNativeTarget "PiriuCollectionTest" */ = {
			isa = XCConfigurationList;
			buildConfigurations = (
				02B56BA82913E67A00A42703 /* Debug */,
				02B56BA92913E67A00A42703 /* Release */,
			);
			defaultConfigurationIsVisible = 0;
			defaultConfigurationName = Release;
		};
/* End XCConfigurationList section */
	};
	rootObject = 02B56B8B2913E67900A42703 /* Project object */;
}
